{
  "originHash" : "7a7c23d1f494db0fc266ad6b5bfb83fd6d6cdc2b8f17b80dd7aa236dc83cb89c",
  "pins" : [
    {
      "identity" : "bycustomtextfield",
      "kind" : "remoteSourceControl",
      "location" : "https://github.com/bayramyelec/BYCustomTextField.git",
      "state" : {
        "revision" : "a9cb8de5a2dd679d973d27ceea229c1399894bb2",
        "version" : "1.2.4"
      }
    },
    {
      "identity" : "snapkit",
      "kind" : "remoteSourceControl",
      "location" : "https://github.com/SnapKit/SnapKit.git",
      "state" : {
        "revision" : "2842e6e84e82eb9a8dac0100ca90d9444b0307f4",
        "version" : "5.7.1"
      }
    }
  ],
  "version" : 3
}
